
Microsoft Visual Studio Solution File, Format Version 12.00
# Visual Studio 14
VisualStudioVersion = 14.0.22310.1
MinimumVisualStudioVersion = 10.0.40219.1
Project("{FAE04EC0-301F-11D3-BF4B-00C04F79EFBC}") = "ROK_ServerController", "ROK_ServerController\ROK_ServerController.csproj", "{9CF81195-73EB-4169-B989-C794E34A7F7F}"
EndProject
Project("{2150E333-8FDC-42A3-9474-1A3956D46DE8}") = "Solution Items", "Solution Items", "{93D607CC-5D59-46F2-96C2-31A391B40332}"
EndProject
Global
	GlobalSection(SolutionConfigurationPlatforms) = preSolution
		Debug|Any CPU = Debug|Any CPU
		Release|Any CPU = Release|Any CPU
	EndGlobalSection
	GlobalSection(ProjectConfigurationPlatforms) = postSolution
		{9CF81195-73EB-4169-B989-C794E34A7F7F}.Debug|Any CPU.ActiveCfg = Debug|Any CPU
		{9CF81195-73EB-4169-B989-C794E34A7F7F}.Debug|Any CPU.Build.0 = Debug|Any CPU
		{9CF81195-73EB-4169-B989-C794E34A7F7F}.Release|Any CPU.ActiveCfg = Release|Any CPU
		{9CF81195-73EB-4169-B989-C794E34A7F7F}.Release|Any CPU.Build.0 = Release|Any CPU
	EndGlobalSection
	GlobalSection(SolutionProperties) = preSolution
		HideSolutionNode = FALSE
	EndGlobalSection
EndGlobal
